
Microsoft Visual Studio Solution File, Format Version 12.00
# Visual Studio Version 16
VisualStudioVersion = 16.0.30204.135
MinimumVisualStudioVersion = 10.0.40219.1
Project("{FAE04EC0-301F-11D3-BF4B-00C04F79EFBC}") = "Scool-cash-manager", "Scool-cash-manager\Scool-cash-manager.csproj", "{C2DF2372-4356-4A67-BFE5-DBCE13FE7FC6}"
EndProject
Global
	GlobalSection(SolutionConfigurationPlatforms) = preSolution
		Debug|Any CPU = Debug|Any CPU
		Release|Any CPU = Release|Any CPU
	EndGlobalSection
	GlobalSection(ProjectConfigurationPlatforms) = postSolution
		{C2DF2372-4356-4A67-BFE5-DBCE13FE7FC6}.Debug|Any CPU.ActiveCfg = Debug|Any CPU
		{C2DF2372-4356-4A67-BFE5-DBCE13FE7FC6}.Debug|Any CPU.Build.0 = Debug|Any CPU
		{C2DF2372-4356-4A67-BFE5-DBCE13FE7FC6}.Release|Any CPU.ActiveCfg = Release|Any CPU
		{C2DF2372-4356-4A67-BFE5-DBCE13FE7FC6}.Release|Any CPU.Build.0 = Release|Any CPU
	EndGlobalSection
	GlobalSection(SolutionProperties) = preSolution
		HideSolutionNode = FALSE
	EndGlobalSection
	GlobalSection(ExtensibilityGlobals) = postSolution
		SolutionGuid = {2C3CF1CD-6C47-4420-A9F0-4EFCB0ABAC1F}
	EndGlobalSection
EndGlobal
